
Microsoft Visual Studio Solution File, Format Version 12.00
# Visual Studio Version 16
VisualStudioVersion = 16.0.31410.357
MinimumVisualStudioVersion = 10.0.40219.1
Project("{FAE04EC0-301F-11D3-BF4B-00C04F79EFBC}") = "Monostate", "Monostate.csproj", "{96FC049A-3D98-47BF-AF50-40CF138C0354}"
EndProject
Global
	GlobalSection(SolutionConfigurationPlatforms) = preSolution
		Debug|Any CPU = Debug|Any CPU
		Release|Any CPU = Release|Any CPU
	EndGlobalSection
	GlobalSection(ProjectConfigurationPlatforms) = postSolution
		{96FC049A-3D98-47BF-AF50-40CF138C0354}.Debug|Any CPU.ActiveCfg = Debug|Any CPU
		{96FC049A-3D98-47BF-AF50-40CF138C0354}.Debug|Any CPU.Build.0 = Debug|Any CPU
		{96FC049A-3D98-47BF-AF50-40CF138C0354}.Release|Any CPU.ActiveCfg = Release|Any CPU
		{96FC049A-3D98-47BF-AF50-40CF138C0354}.Release|Any CPU.Build.0 = Release|Any CPU
	EndGlobalSection
	GlobalSection(SolutionProperties) = preSolution
		HideSolutionNode = FALSE
	EndGlobalSection
	GlobalSection(ExtensibilityGlobals) = postSolution
		SolutionGuid = {F77CD71C-AF5B-43E1-A784-51F0BF994F20}
	EndGlobalSection
EndGlobal
